
Microsoft Visual Studio Solution File, Format Version 12.00
# Visual Studio Version 16
VisualStudioVersion = 16.0.28922.388
MinimumVisualStudioVersion = 10.0.40219.1
Project("{FAE04EC0-301F-11D3-BF4B-00C04F79EFBC}") = "Trainingyaes", "Trainingyaes.csproj", "{6C89220A-547A-48A8-9022-A5FF867C9DE9}"
EndProject
Global
	GlobalSection(SolutionConfigurationPlatforms) = preSolution
		Debug|Any CPU = Debug|Any CPU
		Release|Any CPU = Release|Any CPU
	EndGlobalSection
	GlobalSection(ProjectConfigurationPlatforms) = postSolution
		{6C89220A-547A-48A8-9022-A5FF867C9DE9}.Debug|Any CPU.ActiveCfg = Debug|Any CPU
		{6C89220A-547A-48A8-9022-A5FF867C9DE9}.Debug|Any CPU.Build.0 = Debug|Any CPU
		{6C89220A-547A-48A8-9022-A5FF867C9DE9}.Release|Any CPU.ActiveCfg = Release|Any CPU
		{6C89220A-547A-48A8-9022-A5FF867C9DE9}.Release|Any CPU.Build.0 = Release|Any CPU
	EndGlobalSection
	GlobalSection(SolutionProperties) = preSolution
		HideSolutionNode = FALSE
	EndGlobalSection
	GlobalSection(ExtensibilityGlobals) = postSolution
		SolutionGuid = {F8C4979D-82FB-40E5-94ED-B408AEC71D54}
	EndGlobalSection
EndGlobal
