
Microsoft Visual Studio Solution File, Format Version 12.00
# Visual Studio 15
Project("{FAE04EC0-301F-11D3-BF4B-00C04F79EFBC}") = "Assembly-CSharp", "Assembly-CSharp.csproj", "{6EAA3618-878F-34CD-13F8-4AF0450EF72E}"
EndProject
Project("{FAE04EC0-301F-11D3-BF4B-00C04F79EFBC}") = "Assembly-CSharp-Editor", "Assembly-CSharp-Editor.csproj", "{56EC910A-79B2-214C-F41F-A2A4FDAE5613}"
EndProject
Global
	GlobalSection(SolutionConfigurationPlatforms) = preSolution
		Debug|Any CPU = Debug|Any CPU
		Release|Any CPU = Release|Any CPU
	EndGlobalSection
	GlobalSection(ProjectConfigurationPlatforms) = postSolution
		{6EAA3618-878F-34CD-13F8-4AF0450EF72E}.Debug|Any CPU.ActiveCfg = Debug|Any CPU
		{6EAA3618-878F-34CD-13F8-4AF0450EF72E}.Debug|Any CPU.Build.0 = Debug|Any CPU
		{6EAA3618-878F-34CD-13F8-4AF0450EF72E}.Release|Any CPU.ActiveCfg = Release|Any CPU
		{6EAA3618-878F-34CD-13F8-4AF0450EF72E}.Release|Any CPU.Build.0 = Release|Any CPU
		{56EC910A-79B2-214C-F41F-A2A4FDAE5613}.Debug|Any CPU.ActiveCfg = Debug|Any CPU
		{56EC910A-79B2-214C-F41F-A2A4FDAE5613}.Debug|Any CPU.Build.0 = Debug|Any CPU
		{56EC910A-79B2-214C-F41F-A2A4FDAE5613}.Release|Any CPU.ActiveCfg = Release|Any CPU
		{56EC910A-79B2-214C-F41F-A2A4FDAE5613}.Release|Any CPU.Build.0 = Release|Any CPU
	EndGlobalSection
	GlobalSection(SolutionProperties) = preSolution
		HideSolutionNode = FALSE
	EndGlobalSection
EndGlobal
